
Microsoft Visual Studio Solution File, Format Version 12.00
# Visual Studio 15
Project("{FAE04EC0-301F-11D3-BF4B-00C04F79EFBC}") = "Assembly-CSharp", "Assembly-CSharp.csproj", "{1574C938-386F-39F1-D56F-5516B1F32437}"
EndProject
Project("{FAE04EC0-301F-11D3-BF4B-00C04F79EFBC}") = "Assembly-CSharp-Editor", "Assembly-CSharp-Editor.csproj", "{AB56AAC2-29B6-E091-8A03-184039579959}"
EndProject
Global
	GlobalSection(SolutionConfigurationPlatforms) = preSolution
		Debug|Any CPU = Debug|Any CPU
		Release|Any CPU = Release|Any CPU
	EndGlobalSection
	GlobalSection(ProjectConfigurationPlatforms) = postSolution
		{1574C938-386F-39F1-D56F-5516B1F32437}.Debug|Any CPU.ActiveCfg = Debug|Any CPU
		{1574C938-386F-39F1-D56F-5516B1F32437}.Debug|Any CPU.Build.0 = Debug|Any CPU
		{1574C938-386F-39F1-D56F-5516B1F32437}.Release|Any CPU.ActiveCfg = Release|Any CPU
		{1574C938-386F-39F1-D56F-5516B1F32437}.Release|Any CPU.Build.0 = Release|Any CPU
		{AB56AAC2-29B6-E091-8A03-184039579959}.Debug|Any CPU.ActiveCfg = Debug|Any CPU
		{AB56AAC2-29B6-E091-8A03-184039579959}.Debug|Any CPU.Build.0 = Debug|Any CPU
		{AB56AAC2-29B6-E091-8A03-184039579959}.Release|Any CPU.ActiveCfg = Release|Any CPU
		{AB56AAC2-29B6-E091-8A03-184039579959}.Release|Any CPU.Build.0 = Release|Any CPU
	EndGlobalSection
	GlobalSection(SolutionProperties) = preSolution
		HideSolutionNode = FALSE
	EndGlobalSection
EndGlobal
